// !$*UTF8*$!
{
	archiveVersion = 1;
	classes = {
	};
	objectVersion = 56;
	objects = {

/* Begin PBXBuildFile section */
		505E00352CD847CB0064F8D9 /* AppDelegate.swift in Sources */ = {isa = PBXBuildFile; fileRef = 505E00342CD847CB0064F8D9 /* AppDelegate.swift */; };
		505E00372CD847CB0064F8D9 /* SceneDelegate.swift in Sources */ = {isa = PBXBuildFile; fileRef = 505E00362CD847CB0064F8D9 /* SceneDelegate.swift */; };
		505E00392CD847CB0064F8D9 /* ViewController.swift in Sources */ = {isa = PBXBuildFile; fileRef = 505E00382CD847CB0064F8D9 /* ViewController.swift */; };
		505E003C2CD847CB0064F8D9 /* Main.storyboard in Resources */ = {isa = PBXBuildFile; fileRef = 505E003A2CD847CB0064F8D9 /* Main.storyboard */; };
		505E003E2CD847CD0064F8D9 /* Assets.xcassets in Resources */ = {isa = PBXBuildFile; fileRef = 505E003D2CD847CD0064F8D9 /* Assets.xcassets */; };
		505E00412CD847CD0064F8D9 /* LaunchScreen.storyboard in Resources */ = {isa = PBXBuildFile; fileRef = 505E003F2CD847CD0064F8D9 /* LaunchScreen.storyboard */; };
		505E004C2CD847CE0064F8D9 /* LearningXcodeTests.swift in Sources */ = {isa = PBXBuildFile; fileRef = 505E004B2CD847CE0064F8D9 /* LearningXcodeTests.swift */; };
		505E00562CD847CE0064F8D9 /* LearningXcodeUITests.swift in Sources */ = {isa = PBXBuildFile; fileRef = 505E00552CD847CE0064F8D9 /* LearningXcodeUITests.swift */; };
		505E00582CD847CE0064F8D9 /* LearningXcodeUITestsLaunchTests.swift in Sources */ = {isa = PBXBuildFile; fileRef = 505E00572CD847CE0064F8D9 /* LearningXcodeUITestsLaunchTests.swift */; };
/* End PBXBuildFile section */

/* Begin PBXContainerItemProxy section */
		505E00482CD847CE0064F8D9 /* PBXContainerItemProxy */ = {
			isa = PBXContainerItemProxy;
			containerPortal = 505E00292CD847CB0064F8D9 /* Project object */;
			proxyType = 1;
			remoteGlobalIDString = 505E00302CD847CB0064F8D9;
			remoteInfo = LearningXcode;
		};
		505E00522CD847CE0064F8D9 /* PBXContainerItemProxy */ = {
			isa = PBXContainerItemProxy;
			containerPortal = 505E00292CD847CB0064F8D9 /* Project object */;
			proxyType = 1;
			remoteGlobalIDString = 505E00302CD847CB0064F8D9;
			remoteInfo = LearningXcode;
		};
/* End PBXContainerItemProxy section */

/* Begin PBXFileReference section */
		505E00312CD847CB0064F8D9 /* LearningXcode.app */ = {isa = PBXFileReference; explicitFileType = wrapper.application; includeInIndex = 0; path = LearningXcode.app; sourceTree = BUILT_PRODUCTS_DIR; };
		505E00342CD847CB0064F8D9 /* AppDelegate.swift */ = {isa = PBXFileReference; lastKnownFileType = sourcecode.swift; path = AppDelegate.swift; sourceTree = "<group>"; };
		505E00362CD847CB0064F8D9 /* SceneDelegate.swift */ = {isa = PBXFileReference; lastKnownFileType = sourcecode.swift; path = SceneDelegate.swift; sourceTree = "<group>"; };
		505E00382CD847CB0064F8D9 /* ViewController.swift */ = {isa = PBXFileReference; lastKnownFileType = sourcecode.swift; path = ViewController.swift; sourceTree = "<group>"; };
		505E003B2CD847CB0064F8D9 /* Base */ = {isa = PBXFileReference; lastKnownFileType = file.storyboard; name = Base; path = Base.lproj/Main.storyboard; sourceTree = "<group>"; };
		505E003D2CD847CD0064F8D9 /* Assets.xcassets */ = {isa = PBXFileReference; lastKnownFileType = folder.assetcatalog; path = Assets.xcassets; sourceTree = "<group>"; };
		505E00402CD847CD0064F8D9 /* Base */ = {isa = PBXFileReference; lastKnownFileType = file.storyboard; name = Base; path = Base.lproj/LaunchScreen.storyboard; sourceTree = "<group>"; };
		505E00422CD847CD0064F8D9 /* Info.plist */ = {isa = PBXFileReference; lastKnownFileType = text.plist.xml; path = Info.plist; sourceTree = "<group>"; };
		505E00472CD847CE0064F8D9 /* LearningXcodeTests.xctest */ = {isa = PBXFileReference; explicitFileType = wrapper.cfbundle; includeInIndex = 0; path = LearningXcodeTests.xctest; sourceTree = BUILT_PRODUCTS_DIR; };
		505E004B2CD847CE0064F8D9 /* LearningXcodeTests.swift */ = {isa = PBXFileReference; lastKnownFileType = sourcecode.swift; path = LearningXcodeTests.swift; sourceTree = "<group>"; };
		505E00512CD847CE0064F8D9 /* LearningXcodeUITests.xctest */ = {isa = PBXFileReference; explicitFileType = wrapper.cfbundle; includeInIndex = 0; path = LearningXcodeUITests.xctest; sourceTree = BUILT_PRODUCTS_DIR; };
		505E00552CD847CE0064F8D9 /* LearningXcodeUITests.swift */ = {isa = PBXFileReference; lastKnownFileType = sourcecode.swift; path = LearningXcodeUITests.swift; sourceTree = "<group>"; };
		505E00572CD847CE0064F8D9 /* LearningXcodeUITestsLaunchTests.swift */ = {isa = PBXFileReference; lastKnownFileType = sourcecode.swift; path = LearningXcodeUITestsLaunchTests.swift; sourceTree = "<group>"; };
/* End PBXFileReference section */

/* Begin PBXFrameworksBuildPhase section */
		505E002E2CD847CB0064F8D9 /* Frameworks */ = {
			isa = PBXFrameworksBuildPhase;
			buildActionMask = 2147483647;
			files = (
			);
			runOnlyForDeploymentPostprocessing = 0;
		};
		505E00442CD847CE0064F8D9 /* Frameworks */ = {
			isa = PBXFrameworksBuildPhase;
			buildActionMask = 2147483647;
			files = (
			);
			runOnlyForDeploymentPostprocessing = 0;
		};
		505E004E2CD847CE0064F8D9 /* Frameworks */ = {
			isa = PBXFrameworksBuildPhase;
			buildActionMask = 2147483647;
			files = (
			);
			runOnlyForDeploymentPostprocessing = 0;
		};
/* End PBXFrameworksBuildPhase section */

/* Begin PBXGroup section */
		505E00282CD847CB0064F8D9 = {
			isa = PBXGroup;
			children = (
				505E00332CD847CB0064F8D9 /* LearningXcode */,
				505E004A2CD847CE0064F8D9 /* LearningXcodeTests */,
				505E00542CD847CE0064F8D9 /* LearningXcodeUITests */,
				505E00322CD847CB0064F8D9 /* Products */,
			);
			sourceTree = "<group>";
		};
		505E00322CD847CB0064F8D9 /* Products */ = {
			isa = PBXGroup;
			children = (
				505E00312CD847CB0064F8D9 /* LearningXcode.app */,
				505E00472CD847CE0064F8D9 /* LearningXcodeTests.xctest */,
				505E00512CD847CE0064F8D9 /* LearningXcodeUITests.xctest */,
			);
			name = Products;
			sourceTree = "<group>";
		};
		505E00332CD847CB0064F8D9 /* LearningXcode */ = {
			isa = PBXGroup;
			children = (
				505E00342CD847CB0064F8D9 /* AppDelegate.swift */,
				505E00362CD847CB0064F8D9 /* SceneDelegate.swift */,
				505E00382CD847CB0064F8D9 /* ViewController.swift */,
				505E003A2CD847CB0064F8D9 /* Main.storyboard */,
				505E003D2CD847CD0064F8D9 /* Assets.xcassets */,
				505E003F2CD847CD0064F8D9 /* LaunchScreen.storyboard */,
				505E00422CD847CD0064F8D9 /* Info.plist */,
			);
			path = LearningXcode;
			sourceTree = "<group>";
		};
		505E004A2CD847CE0064F8D9 /* LearningXcodeTests */ = {
			isa = PBXGroup;
			children = (
				505E004B2CD847CE0064F8D9 /* LearningXcodeTests.swift */,
			);
			path = LearningXcodeTests;
			sourceTree = "<group>";
		};
		505E00542CD847CE0064F8D9 /* LearningXcodeUITests */ = {
			isa = PBXGroup;
			children = (
				505E00552CD847CE0064F8D9 /* LearningXcodeUITests.swift */,
				505E00572CD847CE0064F8D9 /* LearningXcodeUITestsLaunchTests.swift */,
			);
			path = LearningXcodeUITests;
			sourceTree = "<group>";
		};
/* End PBXGroup section */

/* Begin PBXNativeTarget section */
		505E00302CD847CB0064F8D9 /* LearningXcode */ = {
			isa = PBXNativeTarget;
			buildConfigurationList = 505E005B2CD847CE0064F8D9 /* Build configuration list for PBXNativeTarget "LearningXcode" */;
			buildPhases = (
				505E002D2CD847CB0064F8D9 /* Sources */,
				505E002E2CD847CB0064F8D9 /* Frameworks */,
				505E002F2CD847CB0064F8D9 /* Resources */,
			);
			buildRules = (
			);
			dependencies = (
			);
			name = LearningXcode;
			productName = LearningXcode;
			productReference = 505E00312CD847CB0064F8D9 /* LearningXcode.app */;
			productType = "com.apple.product-type.application";
		};
		505E00462CD847CE0064F8D9 /* LearningXcodeTests */ = {
			isa = PBXNativeTarget;
			buildConfigurationList = 505E005E2CD847CE0064F8D9 /* Build configuration list for PBXNativeTarget "LearningXcodeTests" */;
			buildPhases = (
				505E00432CD847CE0064F8D9 /* Sources */,
				505E00442CD847CE0064F8D9 /* Frameworks */,
				505E00452CD847CE0064F8D9 /* Resources */,
			);
			buildRules = (
			);
			dependencies = (
				505E00492CD847CE0064F8D9 /* PBXTargetDependency */,
			);
			name = LearningXcodeTests;
			productName = LearningXcodeTests;
			productReference = 505E00472CD847CE0064F8D9 /* LearningXcodeTests.xctest */;
			productType = "com.apple.product-type.bundle.unit-test";
		};
		505E00502CD847CE0064F8D9 /* LearningXcodeUITests */ = {
			isa = PBXNativeTarget;
			buildConfigurationList = 505E00612CD847CE0064F8D9 /* Build configuration list for PBXNativeTarget "LearningXcodeUITests" */;
			buildPhases = (
				505E004D2CD847CE0064F8D9 /* Sources */,
				505E004E2CD847CE0064F8D9 /* Frameworks */,
				505E004F2CD847CE0064F8D9 /* Resources */,
			);
			buildRules = (
			);
			dependencies = (
				505E00532CD847CE0064F8D9 /* PBXTargetDependency */,
			);
			name = LearningXcodeUITests;
			productName = LearningXcodeUITests;
			productReference = 505E00512CD847CE0064F8D9 /* LearningXcodeUITests.xctest */;
			productType = "com.apple.product-type.bundle.ui-testing";
		};
/* End PBXNativeTarget section */

/* Begin PBXProject section */
		505E00292CD847CB0064F8D9 /* Project object */ = {
			isa = PBXProject;
			attributes = {
				BuildIndependentTargetsInParallel = 1;
				LastSwiftUpdateCheck = 1520;
				LastUpgradeCheck = 1520;
				TargetAttributes = {
					505E00302CD847CB0064F8D9 = {
						CreatedOnToolsVersion = 15.2;
					};
					505E00462CD847CE0064F8D9 = {
						CreatedOnToolsVersion = 15.2;
						TestTargetID = 505E00302CD847CB0064F8D9;
					};
					505E00502CD847CE0064F8D9 = {
						CreatedOnToolsVersion = 15.2;
						TestTargetID = 505E00302CD847CB0064F8D9;
					};
				};
			};
			buildConfigurationList = 505E002C2CD847CB0064F8D9 /* Build configuration list for PBXProject "LearningXcode" */;
			compatibilityVersion = "Xcode 14.0";
			developmentRegion = en;
			hasScannedForEncodings = 0;
			knownRegions = (
				en,
				Base,
			);
			mainGroup = 505E00282CD847CB0064F8D9;
			productRefGroup = 505E00322CD847CB0064F8D9 /* Products */;
			projectDirPath = "";
			projectRoot = "";
			targets = (
				505E00302CD847CB0064F8D9 /* LearningXcode */,
				505E00462CD847CE0064F8D9 /* LearningXcodeTests */,
				505E00502CD847CE0064F8D9 /* LearningXcodeUITests */,
			);
		};
/* End PBXProject section */

/* Begin PBXResourcesBuildPhase section */
		505E002F2CD847CB0064F8D9 /* Resources */ = {
			isa = PBXResourcesBuildPhase;
			buildActionMask = 2147483647;
			files = (
				505E00412CD847CD0064F8D9 /* LaunchScreen.storyboard in Resources */,
				505E003E2CD847CD0064F8D9 /* Assets.xcassets in Resources */,
				505E003C2CD847CB0064F8D9 /* Main.storyboard in Resources */,
			);
			runOnlyForDeploymentPostprocessing = 0;
		};
		505E00452CD847CE0064F8D9 /* Resources */ = {
			isa = PBXResourcesBuildPhase;
			buildActionMask = 2147483647;
			files = (
			);
			runOnlyForDeploymentPostprocessing = 0;
		};
		505E004F2CD847CE0064F8D9 /* Resources */ = {
			isa = PBXResourcesBuildPhase;
			buildActionMask = 2147483647;
			files = (
			);
			runOnlyForDeploymentPostprocessing = 0;
		};
/* End PBXResourcesBuildPhase section */

/* Begin PBXSourcesBuildPhase section */
		505E002D2CD847CB0064F8D9 /* Sources */ = {
			isa = PBXSourcesBuildPhase;
			buildActionMask = 2147483647;
			files = (
				505E00392CD847CB0064F8D9 /* ViewController.swift in Sources */,
				505E00352CD847CB0064F8D9 /* AppDelegate.swift in Sources */,
				505E00372CD847CB0064F8D9 /* SceneDelegate.swift in Sources */,
			);
			runOnlyForDeploymentPostprocessing = 0;
		};
		505E00432CD847CE0064F8D9 /* Sources */ = {
			isa = PBXSourcesBuildPhase;
			buildActionMask = 2147483647;
			files = (
				505E004C2CD847CE0064F8D9 /* LearningXcodeTests.swift in Sources */,
			);
			runOnlyForDeploymentPostprocessing = 0;
		};
		505E004D2CD847CE0064F8D9 /* Sources */ = {
			isa = PBXSourcesBuildPhase;
			buildActionMask = 2147483647;
			files = (
				505E00582CD847CE0064F8D9 /* LearningXcodeUITestsLaunchTests.swift in Sources */,
				505E00562CD847CE0064F8D9 /* LearningXcodeUITests.swift in Sources */,
			);
			runOnlyForDeploymentPostprocessing = 0;
		};
/* End PBXSourcesBuildPhase section */

/* Begin PBXTargetDependency section */
		505E00492CD847CE0064F8D9 /* PBXTargetDependency */ = {
			isa = PBXTargetDependency;
			target = 505E00302CD847CB0064F8D9 /* LearningXcode */;
			targetProxy = 505E00482CD847CE0064F8D9 /* PBXContainerItemProxy */;
		};
		505E00532CD847CE0064F8D9 /* PBXTargetDependency */ = {
			isa = PBXTargetDependency;
			target = 505E00302CD847CB0064F8D9 /* LearningXcode */;
			targetProxy = 505E00522CD847CE0064F8D9 /* PBXContainerItemProxy */;
		};
/* End PBXTargetDependency section */

/* Begin PBXVariantGroup section */
		505E003A2CD847CB0064F8D9 /* Main.storyboard */ = {
			isa = PBXVariantGroup;
			children = (
				505E003B2CD847CB0064F8D9 /* Base */,
			);
			name = Main.storyboard;
			sourceTree = "<group>";
		};
		505E003F2CD847CD0064F8D9 /* LaunchScreen.storyboard */ = {
			isa = PBXVariantGroup;
			children = (
				505E00402CD847CD0064F8D9 /* Base */,
			);
			name = LaunchScreen.storyboard;
			sourceTree = "<group>";
		};
/* End PBXVariantGroup section */

/* Begin XCBuildConfiguration section */
		505E00592CD847CE0064F8D9 /* Debug */ = {
			isa = XCBuildConfiguration;
			buildSettings = {
				ALWAYS_SEARCH_USER_PATHS = NO;
				ASSETCATALOG_COMPILER_GENERATE_SWIFT_ASSET_SYMBOL_EXTENSIONS = YES;
				CLANG_ANALYZER_NONNULL = YES;
				CLANG_ANALYZER_NUMBER_OBJECT_CONVERSION = YES_AGGRESSIVE;
				CLANG_CXX_LANGUAGE_STANDARD = "gnu++20";
				CLANG_ENABLE_MODULES = YES;
				CLANG_ENABLE_OBJC_ARC = YES;
				CLANG_ENABLE_OBJC_WEAK = YES;
				CLANG_WARN_BLOCK_CAPTURE_AUTORELEASING = YES;
				CLANG_WARN_BOOL_CONVERSION = YES;
				CLANG_WARN_COMMA = YES;
				CLANG_WARN_CONSTANT_CONVERSION = YES;
				CLANG_WARN_DEPRECATED_OBJC_IMPLEMENTATIONS = YES;
				CLANG_WARN_DIRECT_OBJC_ISA_USAGE = YES_ERROR;
				CLANG_WARN_DOCUMENTATION_COMMENTS = YES;
				CLANG_WARN_EMPTY_BODY = YES;
				CLANG_WARN_ENUM_CONVERSION = YES;
				CLANG_WARN_INFINITE_RECURSION = YES;
				CLANG_WARN_INT_CONVERSION = YES;
				CLANG_WARN_NON_LITERAL_NULL_CONVERSION = YES;
				CLANG_WARN_OBJC_IMPLICIT_RETAIN_SELF = YES;
				CLANG_WARN_OBJC_LITERAL_CONVERSION = YES;
				CLANG_WARN_OBJC_ROOT_CLASS = YES_ERROR;
				CLANG_WARN_QUOTED_INCLUDE_IN_FRAMEWORK_HEADER = YES;
				CLANG_WARN_RANGE_LOOP_ANALYSIS = YES;
				CLANG_WARN_STRICT_PROTOTYPES = YES;
				CLANG_WARN_SUSPICIOUS_MOVE = YES;
				CLANG_WARN_UNGUARDED_AVAILABILITY = YES_AGGRESSIVE;
				CLANG_WARN_UNREACHABLE_CODE = YES;
				CLANG_WARN__DUPLICATE_METHOD_MATCH = YES;
				COPY_PHASE_STRIP = NO;
				DEBUG_INFORMATION_FORMAT = dwarf;
				ENABLE_STRICT_OBJC_MSGSEND = YES;
				ENABLE_TESTABILITY = YES;
				ENABLE_USER_SCRIPT_SANDBOXING = YES;
				GCC_C_LANGUAGE_STANDARD = gnu17;
				GCC_DYNAMIC_NO_PIC = NO;
				GCC_NO_COMMON_BLOCKS = YES;
				GCC_OPTIMIZATION_LEVEL = 0;
				GCC_PREPROCESSOR_DEFINITIONS = (
					"DEBUG=1",
					"$(inherited)",
				);
				GCC_WARN_64_TO_32_BIT_CONVERSION = YES;
				GCC_WARN_ABOUT_RETURN_TYPE = YES_ERROR;
				GCC_WARN_UNDECLARED_SELECTOR = YES;
				GCC_WARN_UNINITIALIZED_AUTOS = YES_AGGRESSIVE;
				GCC_WARN_UNUSED_FUNCTION = YES;
				GCC_WARN_UNUSED_VARIABLE = YES;
				IPHONEOS_DEPLOYMENT_TARGET = 17.2;
				LOCALIZATION_PREFERS_STRING_CATALOGS = YES;
				MTL_ENABLE_DEBUG_INFO = INCLUDE_SOURCE;
				MTL_FAST_MATH = YES;
				ONLY_ACTIVE_ARCH = YES;
				SDKROOT = iphoneos;
				SWIFT_ACTIVE_COMPILATION_CONDITIONS = "DEBUG $(inherited)";
				SWIFT_OPTIMIZATION_LEVEL = "-Onone";
			};
			name = Debug;
		};
		505E005A2CD847CE0064F8D9 /* Release */ = {
			isa = XCBuildConfiguration;
			buildSettings = {
				ALWAYS_SEARCH_USER_PATHS = NO;
				ASSETCATALOG_COMPILER_GENERATE_SWIFT_ASSET_SYMBOL_EXTENSIONS = YES;
				CLANG_ANALYZER_NONNULL = YES;
				CLANG_ANALYZER_NUMBER_OBJECT_CONVERSION = YES_AGGRESSIVE;
				CLANG_CXX_LANGUAGE_STANDARD = "gnu++20";
				CLANG_ENABLE_MODULES = YES;
				CLANG_ENABLE_OBJC_ARC = YES;
				CLANG_ENABLE_OBJC_WEAK = YES;
				CLANG_WARN_BLOCK_CAPTURE_AUTORELEASING = YES;
				CLANG_WARN_BOOL_CONVERSION = YES;
				CLANG_WARN_COMMA = YES;
				CLANG_WARN_CONSTANT_CONVERSION = YES;
				CLANG_WARN_DEPRECATED_OBJC_IMPLEMENTATIONS = YES;
				CLANG_WARN_DIRECT_OBJC_ISA_USAGE = YES_ERROR;
				CLANG_WARN_DOCUMENTATION_COMMENTS = YES;
				CLANG_WARN_EMPTY_BODY = YES;
				CLANG_WARN_ENUM_CONVERSION = YES;
				CLANG_WARN_INFINITE_RECURSION = YES;
				CLANG_WARN_INT_CONVERSION = YES;
				CLANG_WARN_NON_LITERAL_NULL_CONVERSION = YES;
				CLANG_WARN_OBJC_IMPLICIT_RETAIN_SELF = YES;
				CLANG_WARN_OBJC_LITERAL_CONVERSION = YES;
				CLANG_WARN_OBJC_ROOT_CLASS = YES_ERROR;
				CLANG_WARN_QUOTED_INCLUDE_IN_FRAMEWORK_HEADER = YES;
				CLANG_WARN_RANGE_LOOP_ANALYSIS = YES;
				CLANG_WARN_STRICT_PROTOTYPES = YES;
				CLANG_WARN_SUSPICIOUS_MOVE = YES;
				CLANG_WARN_UNGUARDED_AVAILABILITY = YES_AGGRESSIVE;
				CLANG_WARN_UNREACHABLE_CODE = YES;
				CLANG_WARN__DUPLICATE_METHOD_MATCH = YES;
				COPY_PHASE_STRIP = NO;
				DEBUG_INFORMATION_FORMAT = "dwarf-with-dsym";
				ENABLE_NS_ASSERTIONS = NO;
				ENABLE_STRICT_OBJC_MSGSEND = YES;
				ENABLE_USER_SCRIPT_SANDBOXING = YES;
				GCC_C_LANGUAGE_STANDARD = gnu17;
				GCC_NO_COMMON_BLOCKS = YES;
				GCC_WARN_64_TO_32_BIT_CONVERSION = YES;
				GCC_WARN_ABOUT_RETURN_TYPE = YES_ERROR;
				GCC_WARN_UNDECLARED_SELECTOR = YES;
				GCC_WARN_UNINITIALIZED_AUTOS = YES_AGGRESSIVE;
				GCC_WARN_UNUSED_FUNCTION = YES;
				GCC_WARN_UNUSED_VARIABLE = YES;
				IPHONEOS_DEPLOYMENT_TARGET = 17.2;
				LOCALIZATION_PREFERS_STRING_CATALOGS = YES;
				MTL_ENABLE_DEBUG_INFO = NO;
				MTL_FAST_MATH = YES;
				SDKROOT = iphoneos;
				SWIFT_COMPILATION_MODE = wholemodule;
				VALIDATE_PRODUCT = YES;
			};
			name = Release;
		};
		505E005C2CD847CE0064F8D9 /* Debug */ = {
			isa = XCBuildConfiguration;
			buildSettings = {
				ASSETCATALOG_COMPILER_APPICON_NAME = AppIcon;
				ASSETCATALOG_COMPILER_GLOBAL_ACCENT_COLOR_NAME = AccentColor;
				CODE_SIGN_STYLE = Automatic;
				CURRENT_PROJECT_VERSION = 1;
				GENERATE_INFOPLIST_FILE = YES;
				INFOPLIST_FILE = LearningXcode/Info.plist;
				INFOPLIST_KEY_UIApplicationSupportsIndirectInputEvents = YES;
				INFOPLIST_KEY_UILaunchStoryboardName = LaunchScreen;
				INFOPLIST_KEY_UIMainStoryboardFile = Main;
				INFOPLIST_KEY_UISupportedInterfaceOrientations_iPad = "UIInterfaceOrientationPortrait UIInterfaceOrientationPortraitUpsideDown UIInterfaceOrientationLandscapeLeft UIInterfaceOrientationLandscapeRight";
				INFOPLIST_KEY_UISupportedInterfaceOrientations_iPhone = "UIInterfaceOrientationPortrait UIInterfaceOrientationLandscapeLeft UIInterfaceOrientationLandscapeRight";
				LD_RUNPATH_SEARCH_PATHS = (
					"$(inherited)",
					"@executable_path/Frameworks",
				);
				MARKETING_VERSION = 1.0;
				PRODUCT_BUNDLE_IDENTIFIER = com.example.LearningXcode;
				PRODUCT_NAME = "$(TARGET_NAME)";
				SWIFT_EMIT_LOC_STRINGS = YES;
				SWIFT_VERSION = 5.0;
				TARGETED_DEVICE_FAMILY = "1,2";
			};
			name = Debug;
		};
		505E005D2CD847CE0064F8D9 /* Release */ = {
			isa = XCBuildConfiguration;
			buildSettings = {
				ASSETCATALOG_COMPILER_APPICON_NAME = AppIcon;
				ASSETCATALOG_COMPILER_GLOBAL_ACCENT_COLOR_NAME = AccentColor;
				CODE_SIGN_STYLE = Automatic;
				CURRENT_PROJECT_VERSION = 1;
				GENERATE_INFOPLIST_FILE = YES;
				INFOPLIST_FILE = LearningXcode/Info.plist;
				INFOPLIST_KEY_UIApplicationSupportsIndirectInputEvents = YES;
				INFOPLIST_KEY_UILaunchStoryboardName = LaunchScreen;
				INFOPLIST_KEY_UIMainStoryboardFile = Main;
				INFOPLIST_KEY_UISupportedInterfaceOrientations_iPad = "UIInterfaceOrientationPortrait UIInterfaceOrientationPortraitUpsideDown UIInterfaceOrientationLandscapeLeft UIInterfaceOrientationLandscapeRight";
				INFOPLIST_KEY_UISupportedInterfaceOrientations_iPhone = "UIInterfaceOrientationPortrait UIInterfaceOrientationLandscapeLeft UIInterfaceOrientationLandscapeRight";
				LD_RUNPATH_SEARCH_PATHS = (
					"$(inherited)",
					"@executable_path/Frameworks",
				);
				MARKETING_VERSION = 1.0;
				PRODUCT_BUNDLE_IDENTIFIER = com.example.LearningXcode;
				PRODUCT_NAME = "$(TARGET_NAME)";
				SWIFT_EMIT_LOC_STRINGS = YES;
				SWIFT_VERSION = 5.0;
				TARGETED_DEVICE_FAMILY = "1,2";
			};
			name = Release;
		};
		505E005F2CD847CE0064F8D9 /* Debug */ = {
			isa = XCBuildConfiguration;
			buildSettings = {
				ALWAYS_EMBED_SWIFT_STANDARD_LIBRARIES = YES;
				BUNDLE_LOADER = "$(TEST_HOST)";
				CODE_SIGN_STYLE = Automatic;
				CURRENT_PROJECT_VERSION = 1;
				GENERATE_INFOPLIST_FILE = YES;
				IPHONEOS_DEPLOYMENT_TARGET = 17.2;
				MARKETING_VERSION = 1.0;
				PRODUCT_BUNDLE_IDENTIFIER = com.example.LearningXcodeTests;
				PRODUCT_NAME = "$(TARGET_NAME)";
				SWIFT_EMIT_LOC_STRINGS = NO;
				SWIFT_VERSION = 5.0;
				TARGETED_DEVICE_FAMILY = "1,2";
				TEST_HOST = "$(BUILT_PRODUCTS_DIR)/LearningXcode.app/$(BUNDLE_EXECUTABLE_FOLDER_PATH)/LearningXcode";
			};
			name = Debug;
		};
		505E00602CD847CE0064F8D9 /* Release */ = {
			isa = XCBuildConfiguration;
			buildSettings = {
				ALWAYS_EMBED_SWIFT_STANDARD_LIBRARIES = YES;
				BUNDLE_LOADER = "$(TEST_HOST)";
				CODE_SIGN_STYLE = Automatic;
				CURRENT_PROJECT_VERSION = 1;
				GENERATE_INFOPLIST_FILE = YES;
				IPHONEOS_DEPLOYMENT_TARGET = 17.2;
				MARKETING_VERSION = 1.0;
				PRODUCT_BUNDLE_IDENTIFIER = com.example.LearningXcodeTests;
				PRODUCT_NAME = "$(TARGET_NAME)";
				SWIFT_EMIT_LOC_STRINGS = NO;
				SWIFT_VERSION = 5.0;
				TARGETED_DEVICE_FAMILY = "1,2";
				TEST_HOST = "$(BUILT_PRODUCTS_DIR)/LearningXcode.app/$(BUNDLE_EXECUTABLE_FOLDER_PATH)/LearningXcode";
			};
			name = Release;
		};
		505E00622CD847CE0064F8D9 /* Debug */ = {
			isa = XCBuildConfiguration;
			buildSettings = {
				ALWAYS_EMBED_SWIFT_STANDARD_LIBRARIES = YES;
				CODE_SIGN_STYLE = Automatic;
				CURRENT_PROJECT_VERSION = 1;
				GENERATE_INFOPLIST_FILE = YES;
				MARKETING_VERSION = 1.0;
				PRODUCT_BUNDLE_IDENTIFIER = com.example.LearningXcodeUITests;
				PRODUCT_NAME = "$(TARGET_NAME)";
				SWIFT_EMIT_LOC_STRINGS = NO;
				SWIFT_VERSION = 5.0;
				TARGETED_DEVICE_FAMILY = "1,2";
				TEST_TARGET_NAME = LearningXcode;
			};
			name = Debug;
		};
		505E00632CD847CE0064F8D9 /* Release */ = {
			isa = XCBuildConfiguration;
			buildSettings = {
				ALWAYS_EMBED_SWIFT_STANDARD_LIBRARIES = YES;
				CODE_SIGN_STYLE = Automatic;
				CURRENT_PROJECT_VERSION = 1;
				GENERATE_INFOPLIST_FILE = YES;
				MARKETING_VERSION = 1.0;
				PRODUCT_BUNDLE_IDENTIFIER = com.example.LearningXcodeUITests;
				PRODUCT_NAME = "$(TARGET_NAME)";
				SWIFT_EMIT_LOC_STRINGS = NO;
				SWIFT_VERSION = 5.0;
				TARGETED_DEVICE_FAMILY = "1,2";
				TEST_TARGET_NAME = LearningXcode;
			};
			name = Release;
		};
/* End XCBuildConfiguration section */

/* Begin XCConfigurationList section */
		505E002C2CD847CB0064F8D9 /* Build configuration list for PBXProject "LearningXcode" */ = {
			isa = XCConfigurationList;
			buildConfigurations = (
				505E00592CD847CE0064F8D9 /* Debug */,
				505E005A2CD847CE0064F8D9 /* Release */,
			);
			defaultConfigurationIsVisible = 0;
			defaultConfigurationName = Release;
		};
		505E005B2CD847CE0064F8D9 /* Build configuration list for PBXNativeTarget "LearningXcode" */ = {
			isa = XCConfigurationList;
			buildConfigurations = (
				505E005C2CD847CE0064F8D9 /* Debug */,
				505E005D2CD847CE0064F8D9 /* Release */,
			);
			defaultConfigurationIsVisible = 0;
			defaultConfigurationName = Release;
		};
		505E005E2CD847CE0064F8D9 /* Build configuration list for PBXNativeTarget "LearningXcodeTests" */ = {
			isa = XCConfigurationList;
			buildConfigurations = (
				505E005F2CD847CE0064F8D9 /* Debug */,
				505E00602CD847CE0064F8D9 /* Release */,
			);
			defaultConfigurationIsVisible = 0;
			defaultConfigurationName = Release;
		};
		505E00612CD847CE0064F8D9 /* Build configuration list for PBXNativeTarget "LearningXcodeUITests" */ = {
			isa = XCConfigurationList;
			buildConfigurations = (
				505E00622CD847CE0064F8D9 /* Debug */,
				505E00632CD847CE0064F8D9 /* Release */,
			);
			defaultConfigurationIsVisible = 0;
			defaultConfigurationName = Release;
		};
/* End XCConfigurationList section */
	};
	rootObject = 505E00292CD847CB0064F8D9 /* Project object */;
}
